// !$*UTF8*$!
{
	archiveVersion = 1;
	classes = {
	};
	objectVersion = 56;
	objects = {

/* Begin PBXBuildFile section */
		68093ED52B4D0DF800705381 /* AppMain.swift in Sources */ = {isa = PBXBuildFile; fileRef = 68093ED42B4D0DF800705381 /* AppMain.swift */; };
		68093ED72B4D0DF800705381 /* ContentView.swift in Sources */ = {isa = PBXBuildFile; fileRef = 68093ED62B4D0DF800705381 /* ContentView.swift */; };
		68093ED92B4D0DF900705381 /* Assets.xcassets in Resources */ = {isa = PBXBuildFile; fileRef = 68093ED82B4D0DF900705381 /* Assets.xcassets */; };
		68093EDC2B4D0DF900705381 /* Preview Assets.xcassets in Resources */ = {isa = PBXBuildFile; fileRef = 68093EDB2B4D0DF900705381 /* Preview Assets.xcassets */; };
		68093EE32B4D0E6C00705381 /* apilist.json in Resources */ = {isa = PBXBuildFile; fileRef = 68093EE22B4D0E6C00705381 /* apilist.json */; };
		68093EE52B4D0E8400705381 /* userinfo.json in Resources */ = {isa = PBXBuildFile; fileRef = 68093EE42B4D0E8400705381 /* userinfo.json */; };
		68093EE92B4D0E9600705381 /* LaunchScreen.storyboard in Resources */ = {isa = PBXBuildFile; fileRef = 68093EE82B4D0E9600705381 /* LaunchScreen.storyboard */; };
		680FE13C2B4D165800D170FD /* README.md in Resources */ = {isa = PBXBuildFile; fileRef = 680FE13B2B4D165800D170FD /* README.md */; };
		68B714672B4E4BC5004EDCC1 /* API.swift in Sources */ = {isa = PBXBuildFile; fileRef = 68B714662B4E4BC5004EDCC1 /* API.swift */; };
		68B714692B4E4D67004EDCC1 /* APIStore.swift in Sources */ = {isa = PBXBuildFile; fileRef = 68B714682B4E4D67004EDCC1 /* APIStore.swift */; };
		68B7146B2B4E5105004EDCC1 /* APICollection.swift in Sources */ = {isa = PBXBuildFile; fileRef = 68B7146A2B4E5105004EDCC1 /* APICollection.swift */; };
		68B7146E2B4E5FFD004EDCC1 /* APIDetails.swift in Sources */ = {isa = PBXBuildFile; fileRef = 68B7146D2B4E5FFD004EDCC1 /* APIDetails.swift */; };
		68B714712B4E860E004EDCC1 /* FileManager.swift in Sources */ = {isa = PBXBuildFile; fileRef = 68B714702B4E860E004EDCC1 /* FileManager.swift */; };
/* End PBXBuildFile section */

/* Begin PBXFileReference section */
		68093ED12B4D0DF800705381 /* JSONReader.app */ = {isa = PBXFileReference; explicitFileType = wrapper.application; includeInIndex = 0; path = JSONReader.app; sourceTree = BUILT_PRODUCTS_DIR; };
		68093ED42B4D0DF800705381 /* AppMain.swift */ = {isa = PBXFileReference; lastKnownFileType = sourcecode.swift; path = AppMain.swift; sourceTree = "<group>"; };
		68093ED62B4D0DF800705381 /* ContentView.swift */ = {isa = PBXFileReference; lastKnownFileType = sourcecode.swift; path = ContentView.swift; sourceTree = "<group>"; };
		68093ED82B4D0DF900705381 /* Assets.xcassets */ = {isa = PBXFileReference; lastKnownFileType = folder.assetcatalog; path = Assets.xcassets; sourceTree = "<group>"; };
		68093EDB2B4D0DF900705381 /* Preview Assets.xcassets */ = {isa = PBXFileReference; lastKnownFileType = folder.assetcatalog; path = "Preview Assets.xcassets"; sourceTree = "<group>"; };
		68093EE22B4D0E6C00705381 /* apilist.json */ = {isa = PBXFileReference; fileEncoding = 4; lastKnownFileType = text.json; path = apilist.json; sourceTree = "<group>"; };
		68093EE42B4D0E8400705381 /* userinfo.json */ = {isa = PBXFileReference; fileEncoding = 4; lastKnownFileType = text.json; path = userinfo.json; sourceTree = "<group>"; };
		68093EE82B4D0E9600705381 /* LaunchScreen.storyboard */ = {isa = PBXFileReference; fileEncoding = 4; lastKnownFileType = file.storyboard; path = LaunchScreen.storyboard; sourceTree = "<group>"; };
		680FE13B2B4D165800D170FD /* README.md */ = {isa = PBXFileReference; fileEncoding = 4; lastKnownFileType = net.daringfireball.markdown; path = README.md; sourceTree = "<group>"; };
		68B714662B4E4BC5004EDCC1 /* API.swift */ = {isa = PBXFileReference; lastKnownFileType = sourcecode.swift; path = API.swift; sourceTree = "<group>"; };
		68B714682B4E4D67004EDCC1 /* APIStore.swift */ = {isa = PBXFileReference; lastKnownFileType = sourcecode.swift; path = APIStore.swift; sourceTree = "<group>"; };
		68B7146A2B4E5105004EDCC1 /* APICollection.swift */ = {isa = PBXFileReference; lastKnownFileType = sourcecode.swift; path = APICollection.swift; sourceTree = "<group>"; };
		68B7146D2B4E5FFD004EDCC1 /* APIDetails.swift */ = {isa = PBXFileReference; lastKnownFileType = sourcecode.swift; path = APIDetails.swift; sourceTree = "<group>"; };
		68B714702B4E860E004EDCC1 /* FileManager.swift */ = {isa = PBXFileReference; lastKnownFileType = sourcecode.swift; path = FileManager.swift; sourceTree = "<group>"; };
/* End PBXFileReference section */

/* Begin PBXFrameworksBuildPhase section */
		68093ECE2B4D0DF800705381 /* Frameworks */ = {
			isa = PBXFrameworksBuildPhase;
			buildActionMask = 2147483647;
			files = (
			);
			runOnlyForDeploymentPostprocessing = 0;
		};
/* End PBXFrameworksBuildPhase section */

/* Begin PBXGroup section */
		68093EC82B4D0DF800705381 = {
			isa = PBXGroup;
			children = (
				68093ED32B4D0DF800705381 /* JSONReader */,
				68093ED22B4D0DF800705381 /* Products */,
			);
			sourceTree = "<group>";
		};
		68093ED22B4D0DF800705381 /* Products */ = {
			isa = PBXGroup;
			children = (
				68093ED12B4D0DF800705381 /* JSONReader.app */,
			);
			name = Products;
			sourceTree = "<group>";
		};
		68093ED32B4D0DF800705381 /* JSONReader */ = {
			isa = PBXGroup;
			children = (
				68093ED42B4D0DF800705381 /* AppMain.swift */,
				68093ED62B4D0DF800705381 /* ContentView.swift */,
				68B7146D2B4E5FFD004EDCC1 /* APIDetails.swift */,
				68B7146F2B4E85F6004EDCC1 /* Extensions */,
				68B7146C2B4E5E4C004EDCC1 /* Stores */,
				68B714652B4E4BA7004EDCC1 /* Models */,
				680FE13B2B4D165800D170FD /* README.md */,
				68093EE22B4D0E6C00705381 /* apilist.json */,
				68093EE42B4D0E8400705381 /* userinfo.json */,
				68093ED82B4D0DF900705381 /* Assets.xcassets */,
				68093EE82B4D0E9600705381 /* LaunchScreen.storyboard */,
				68093EDA2B4D0DF900705381 /* Preview Content */,
			);
			path = JSONReader;
			sourceTree = "<group>";
		};
		68093EDA2B4D0DF900705381 /* Preview Content */ = {
			isa = PBXGroup;
			children = (
				68093EDB2B4D0DF900705381 /* Preview Assets.xcassets */,
			);
			path = "Preview Content";
			sourceTree = "<group>";
		};
		68B714652B4E4BA7004EDCC1 /* Models */ = {
			isa = PBXGroup;
			children = (
				68B714662B4E4BC5004EDCC1 /* API.swift */,
				68B7146A2B4E5105004EDCC1 /* APICollection.swift */,
			);
			path = Models;
			sourceTree = "<group>";
		};
		68B7146C2B4E5E4C004EDCC1 /* Stores */ = {
			isa = PBXGroup;
			children = (
				68B714682B4E4D67004EDCC1 /* APIStore.swift */,
			);
			path = Stores;
			sourceTree = "<group>";
		};
		68B7146F2B4E85F6004EDCC1 /* Extensions */ = {
			isa = PBXGroup;
			children = (
				68B714702B4E860E004EDCC1 /* FileManager.swift */,
			);
			path = Extensions;
			sourceTree = "<group>";
		};
/* End PBXGroup section */

/* Begin PBXNativeTarget section */
		68093ED02B4D0DF800705381 /* JSONReader */ = {
			isa = PBXNativeTarget;
			buildConfigurationList = 68093EDF2B4D0DF900705381 /* Build configuration list for PBXNativeTarget "JSONReader" */;
			buildPhases = (
				68093ECD2B4D0DF800705381 /* Sources */,
				68093ECE2B4D0DF800705381 /* Frameworks */,
				68093ECF2B4D0DF800705381 /* Resources */,
			);
			buildRules = (
			);
			dependencies = (
			);
			name = JSONReader;
			productName = JSONReader;
			productReference = 68093ED12B4D0DF800705381 /* JSONReader.app */;
			productType = "com.apple.product-type.application";
		};
/* End PBXNativeTarget section */

/* Begin PBXProject section */
		68093EC92B4D0DF800705381 /* Project object */ = {
			isa = PBXProject;
			attributes = {
				BuildIndependentTargetsInParallel = 1;
				LastSwiftUpdateCheck = 1510;
				LastUpgradeCheck = 1510;
				TargetAttributes = {
					68093ED02B4D0DF800705381 = {
						CreatedOnToolsVersion = 15.1;
					};
				};
			};
			buildConfigurationList = 68093ECC2B4D0DF800705381 /* Build configuration list for PBXProject "JSONReader" */;
			compatibilityVersion = "Xcode 14.0";
			developmentRegion = en;
			hasScannedForEncodings = 0;
			knownRegions = (
				en,
				Base,
			);
			mainGroup = 68093EC82B4D0DF800705381;
			productRefGroup = 68093ED22B4D0DF800705381 /* Products */;
			projectDirPath = "";
			projectRoot = "";
			targets = (
				68093ED02B4D0DF800705381 /* JSONReader */,
			);
		};
/* End PBXProject section */

/* Begin PBXResourcesBuildPhase section */
		68093ECF2B4D0DF800705381 /* Resources */ = {
			isa = PBXResourcesBuildPhase;
			buildActionMask = 2147483647;
			files = (
				680FE13C2B4D165800D170FD /* README.md in Resources */,
				68093EE52B4D0E8400705381 /* userinfo.json in Resources */,
				68093EDC2B4D0DF900705381 /* Preview Assets.xcassets in Resources */,
				68093EE32B4D0E6C00705381 /* apilist.json in Resources */,
				68093EE92B4D0E9600705381 /* LaunchScreen.storyboard in Resources */,
				68093ED92B4D0DF900705381 /* Assets.xcassets in Resources */,
			);
			runOnlyForDeploymentPostprocessing = 0;
		};
/* End PBXResourcesBuildPhase section */

/* Begin PBXSourcesBuildPhase section */
		68093ECD2B4D0DF800705381 /* Sources */ = {
			isa = PBXSourcesBuildPhase;
			buildActionMask = 2147483647;
			files = (
				68B714692B4E4D67004EDCC1 /* APIStore.swift in Sources */,
				68B7146E2B4E5FFD004EDCC1 /* APIDetails.swift in Sources */,
				68093ED72B4D0DF800705381 /* ContentView.swift in Sources */,
				68B714712B4E860E004EDCC1 /* FileManager.swift in Sources */,
				68B714672B4E4BC5004EDCC1 /* API.swift in Sources */,
				68093ED52B4D0DF800705381 /* AppMain.swift in Sources */,
				68B7146B2B4E5105004EDCC1 /* APICollection.swift in Sources */,
			);
			runOnlyForDeploymentPostprocessing = 0;
		};
/* End PBXSourcesBuildPhase section */

/* Begin XCBuildConfiguration section */
		68093EDD2B4D0DF900705381 /* Debug */ = {
			isa = XCBuildConfiguration;
			buildSettings = {
				ALWAYS_SEARCH_USER_PATHS = NO;
				ASSETCATALOG_COMPILER_GENERATE_SWIFT_ASSET_SYMBOL_EXTENSIONS = YES;
				CLANG_ANALYZER_NONNULL = YES;
				CLANG_ANALYZER_NUMBER_OBJECT_CONVERSION = YES_AGGRESSIVE;
				CLANG_CXX_LANGUAGE_STANDARD = "gnu++20";
				CLANG_ENABLE_MODULES = YES;
				CLANG_ENABLE_OBJC_ARC = YES;
				CLANG_ENABLE_OBJC_WEAK = YES;
				CLANG_WARN_BLOCK_CAPTURE_AUTORELEASING = YES;
				CLANG_WARN_BOOL_CONVERSION = YES;
				CLANG_WARN_COMMA = YES;
				CLANG_WARN_CONSTANT_CONVERSION = YES;
				CLANG_WARN_DEPRECATED_OBJC_IMPLEMENTATIONS = YES;
				CLANG_WARN_DIRECT_OBJC_ISA_USAGE = YES_ERROR;
				CLANG_WARN_DOCUMENTATION_COMMENTS = YES;
				CLANG_WARN_EMPTY_BODY = YES;
				CLANG_WARN_ENUM_CONVERSION = YES;
				CLANG_WARN_INFINITE_RECURSION = YES;
				CLANG_WARN_INT_CONVERSION = YES;
				CLANG_WARN_NON_LITERAL_NULL_CONVERSION = YES;
				CLANG_WARN_OBJC_IMPLICIT_RETAIN_SELF = YES;
				CLANG_WARN_OBJC_LITERAL_CONVERSION = YES;
				CLANG_WARN_OBJC_ROOT_CLASS = YES_ERROR;
				CLANG_WARN_QUOTED_INCLUDE_IN_FRAMEWORK_HEADER = YES;
				CLANG_WARN_RANGE_LOOP_ANALYSIS = YES;
				CLANG_WARN_STRICT_PROTOTYPES = YES;
				CLANG_WARN_SUSPICIOUS_MOVE = YES;
				CLANG_WARN_UNGUARDED_AVAILABILITY = YES_AGGRESSIVE;
				CLANG_WARN_UNREACHABLE_CODE = YES;
				CLANG_WARN__DUPLICATE_METHOD_MATCH = YES;
				COPY_PHASE_STRIP = NO;
				DEBUG_INFORMATION_FORMAT = dwarf;
				ENABLE_STRICT_OBJC_MSGSEND = YES;
				ENABLE_TESTABILITY = YES;
				ENABLE_USER_SCRIPT_SANDBOXING = YES;
				GCC_C_LANGUAGE_STANDARD = gnu17;
				GCC_DYNAMIC_NO_PIC = NO;
				GCC_NO_COMMON_BLOCKS = YES;
				GCC_OPTIMIZATION_LEVEL = 0;
				GCC_PREPROCESSOR_DEFINITIONS = (
					"DEBUG=1",
					"$(inherited)",
				);
				GCC_WARN_64_TO_32_BIT_CONVERSION = YES;
				GCC_WARN_ABOUT_RETURN_TYPE = YES_ERROR;
				GCC_WARN_UNDECLARED_SELECTOR = YES;
				GCC_WARN_UNINITIALIZED_AUTOS = YES_AGGRESSIVE;
				GCC_WARN_UNUSED_FUNCTION = YES;
				GCC_WARN_UNUSED_VARIABLE = YES;
				IPHONEOS_DEPLOYMENT_TARGET = 17.2;
				LOCALIZATION_PREFERS_STRING_CATALOGS = YES;
				MTL_ENABLE_DEBUG_INFO = INCLUDE_SOURCE;
				MTL_FAST_MATH = YES;
				ONLY_ACTIVE_ARCH = YES;
				SDKROOT = iphoneos;
				SWIFT_ACTIVE_COMPILATION_CONDITIONS = "DEBUG $(inherited)";
				SWIFT_OPTIMIZATION_LEVEL = "-Onone";
			};
			name = Debug;
		};
		68093EDE2B4D0DF900705381 /* Release */ = {
			isa = XCBuildConfiguration;
			buildSettings = {
				ALWAYS_SEARCH_USER_PATHS = NO;
				ASSETCATALOG_COMPILER_GENERATE_SWIFT_ASSET_SYMBOL_EXTENSIONS = YES;
				CLANG_ANALYZER_NONNULL = YES;
				CLANG_ANALYZER_NUMBER_OBJECT_CONVERSION = YES_AGGRESSIVE;
				CLANG_CXX_LANGUAGE_STANDARD = "gnu++20";
				CLANG_ENABLE_MODULES = YES;
				CLANG_ENABLE_OBJC_ARC = YES;
				CLANG_ENABLE_OBJC_WEAK = YES;
				CLANG_WARN_BLOCK_CAPTURE_AUTORELEASING = YES;
				CLANG_WARN_BOOL_CONVERSION = YES;
				CLANG_WARN_COMMA = YES;
				CLANG_WARN_CONSTANT_CONVERSION = YES;
				CLANG_WARN_DEPRECATED_OBJC_IMPLEMENTATIONS = YES;
				CLANG_WARN_DIRECT_OBJC_ISA_USAGE = YES_ERROR;
				CLANG_WARN_DOCUMENTATION_COMMENTS = YES;
				CLANG_WARN_EMPTY_BODY = YES;
				CLANG_WARN_ENUM_CONVERSION = YES;
				CLANG_WARN_INFINITE_RECURSION = YES;
				CLANG_WARN_INT_CONVERSION = YES;
				CLANG_WARN_NON_LITERAL_NULL_CONVERSION = YES;
				CLANG_WARN_OBJC_IMPLICIT_RETAIN_SELF = YES;
				CLANG_WARN_OBJC_LITERAL_CONVERSION = YES;
				CLANG_WARN_OBJC_ROOT_CLASS = YES_ERROR;
				CLANG_WARN_QUOTED_INCLUDE_IN_FRAMEWORK_HEADER = YES;
				CLANG_WARN_RANGE_LOOP_ANALYSIS = YES;
				CLANG_WARN_STRICT_PROTOTYPES = YES;
				CLANG_WARN_SUSPICIOUS_MOVE = YES;
				CLANG_WARN_UNGUARDED_AVAILABILITY = YES_AGGRESSIVE;
				CLANG_WARN_UNREACHABLE_CODE = YES;
				CLANG_WARN__DUPLICATE_METHOD_MATCH = YES;
				COPY_PHASE_STRIP = NO;
				DEBUG_INFORMATION_FORMAT = "dwarf-with-dsym";
				ENABLE_NS_ASSERTIONS = NO;
				ENABLE_STRICT_OBJC_MSGSEND = YES;
				ENABLE_USER_SCRIPT_SANDBOXING = YES;
				GCC_C_LANGUAGE_STANDARD = gnu17;
				GCC_NO_COMMON_BLOCKS = YES;
				GCC_WARN_64_TO_32_BIT_CONVERSION = YES;
				GCC_WARN_ABOUT_RETURN_TYPE = YES_ERROR;
				GCC_WARN_UNDECLARED_SELECTOR = YES;
				GCC_WARN_UNINITIALIZED_AUTOS = YES_AGGRESSIVE;
				GCC_WARN_UNUSED_FUNCTION = YES;
				GCC_WARN_UNUSED_VARIABLE = YES;
				IPHONEOS_DEPLOYMENT_TARGET = 17.2;
				LOCALIZATION_PREFERS_STRING_CATALOGS = YES;
				MTL_ENABLE_DEBUG_INFO = NO;
				MTL_FAST_MATH = YES;
				SDKROOT = iphoneos;
				SWIFT_COMPILATION_MODE = wholemodule;
				VALIDATE_PRODUCT = YES;
			};
			name = Release;
		};
		68093EE02B4D0DF900705381 /* Debug */ = {
			isa = XCBuildConfiguration;
			buildSettings = {
				ASSETCATALOG_COMPILER_APPICON_NAME = AppIcon;
				ASSETCATALOG_COMPILER_GLOBAL_ACCENT_COLOR_NAME = AccentColor;
				CODE_SIGN_STYLE = Automatic;
				CURRENT_PROJECT_VERSION = 1;
				DEVELOPMENT_ASSET_PATHS = "\"JSONReader/Preview Content\"";
				ENABLE_PREVIEWS = YES;
				GENERATE_INFOPLIST_FILE = YES;
				INFOPLIST_KEY_UIApplicationSceneManifest_Generation = YES;
				INFOPLIST_KEY_UIApplicationSupportsIndirectInputEvents = YES;
				INFOPLIST_KEY_UILaunchScreen_Generation = YES;
				INFOPLIST_KEY_UISupportedInterfaceOrientations_iPad = "UIInterfaceOrientationPortrait UIInterfaceOrientationPortraitUpsideDown UIInterfaceOrientationLandscapeLeft UIInterfaceOrientationLandscapeRight";
				INFOPLIST_KEY_UISupportedInterfaceOrientations_iPhone = "UIInterfaceOrientationPortrait UIInterfaceOrientationLandscapeLeft UIInterfaceOrientationLandscapeRight";
				LD_RUNPATH_SEARCH_PATHS = (
					"$(inherited)",
					"@executable_path/Frameworks",
				);
				MARKETING_VERSION = 1.0;
				PRODUCT_BUNDLE_IDENTIFIER = com.jondeparra.JSONReader;
				PRODUCT_NAME = "$(TARGET_NAME)";
				SWIFT_EMIT_LOC_STRINGS = YES;
				SWIFT_VERSION = 5.0;
				TARGETED_DEVICE_FAMILY = "1,2";
			};
			name = Debug;
		};
		68093EE12B4D0DF900705381 /* Release */ = {
			isa = XCBuildConfiguration;
			buildSettings = {
				ASSETCATALOG_COMPILER_APPICON_NAME = AppIcon;
				ASSETCATALOG_COMPILER_GLOBAL_ACCENT_COLOR_NAME = AccentColor;
				CODE_SIGN_STYLE = Automatic;
				CURRENT_PROJECT_VERSION = 1;
				DEVELOPMENT_ASSET_PATHS = "\"JSONReader/Preview Content\"";
				ENABLE_PREVIEWS = YES;
				GENERATE_INFOPLIST_FILE = YES;
				INFOPLIST_KEY_UIApplicationSceneManifest_Generation = YES;
				INFOPLIST_KEY_UIApplicationSupportsIndirectInputEvents = YES;
				INFOPLIST_KEY_UILaunchScreen_Generation = YES;
				INFOPLIST_KEY_UISupportedInterfaceOrientations_iPad = "UIInterfaceOrientationPortrait UIInterfaceOrientationPortraitUpsideDown UIInterfaceOrientationLandscapeLeft UIInterfaceOrientationLandscapeRight";
				INFOPLIST_KEY_UISupportedInterfaceOrientations_iPhone = "UIInterfaceOrientationPortrait UIInterfaceOrientationLandscapeLeft UIInterfaceOrientationLandscapeRight";
				LD_RUNPATH_SEARCH_PATHS = (
					"$(inherited)",
					"@executable_path/Frameworks",
				);
				MARKETING_VERSION = 1.0;
				PRODUCT_BUNDLE_IDENTIFIER = com.jondeparra.JSONReader;
				PRODUCT_NAME = "$(TARGET_NAME)";
				SWIFT_EMIT_LOC_STRINGS = YES;
				SWIFT_VERSION = 5.0;
				TARGETED_DEVICE_FAMILY = "1,2";
			};
			name = Release;
		};
/* End XCBuildConfiguration section */

/* Begin XCConfigurationList section */
		68093ECC2B4D0DF800705381 /* Build configuration list for PBXProject "JSONReader" */ = {
			isa = XCConfigurationList;
			buildConfigurations = (
				68093EDD2B4D0DF900705381 /* Debug */,
				68093EDE2B4D0DF900705381 /* Release */,
			);
			defaultConfigurationIsVisible = 0;
			defaultConfigurationName = Release;
		};
		68093EDF2B4D0DF900705381 /* Build configuration list for PBXNativeTarget "JSONReader" */ = {
			isa = XCConfigurationList;
			buildConfigurations = (
				68093EE02B4D0DF900705381 /* Debug */,
				68093EE12B4D0DF900705381 /* Release */,
			);
			defaultConfigurationIsVisible = 0;
			defaultConfigurationName = Release;
		};
/* End XCConfigurationList section */
	};
	rootObject = 68093EC92B4D0DF800705381 /* Project object */;
}
