// !$*UTF8*$!
{
	archiveVersion = 1;
	classes = {
	};
	objectVersion = 56;
	objects = {

/* Begin PBXBuildFile section */
		6836E9712B33E75F00E851E6 /* TasksApp.swift in Sources */ = {isa = PBXBuildFile; fileRef = 6836E9702B33E75F00E851E6 /* TasksApp.swift */; };
		6836E9732B33E75F00E851E6 /* MainView.swift in Sources */ = {isa = PBXBuildFile; fileRef = 6836E9722B33E75F00E851E6 /* MainView.swift */; };
		6836E9752B33E76100E851E6 /* Assets.xcassets in Resources */ = {isa = PBXBuildFile; fileRef = 6836E9742B33E76100E851E6 /* Assets.xcassets */; };
		6836E9782B33E76100E851E6 /* Preview Assets.xcassets in Resources */ = {isa = PBXBuildFile; fileRef = 6836E9772B33E76100E851E6 /* Preview Assets.xcassets */; };
		6895A7192B37A95B00163194 /* Task.swift in Sources */ = {isa = PBXBuildFile; fileRef = 6895A7182B37A95B00163194 /* Task.swift */; };
		6895A71B2B37A9D900163194 /* TaskStore.swift in Sources */ = {isa = PBXBuildFile; fileRef = 6895A71A2B37A9D900163194 /* TaskStore.swift */; };
		6895A71D2B37B41400163194 /* TaskRow.swift in Sources */ = {isa = PBXBuildFile; fileRef = 6895A71C2B37B41400163194 /* TaskRow.swift */; };
		6895A71F2B38F8AE00163194 /* AddTaskView.swift in Sources */ = {isa = PBXBuildFile; fileRef = 6895A71E2B38F8AE00163194 /* AddTaskView.swift */; };
		6895A7212B38FC3900163194 /* TaskDetailView.swift in Sources */ = {isa = PBXBuildFile; fileRef = 6895A7202B38FC3900163194 /* TaskDetailView.swift */; };
		68E9AB082B426D6500825B79 /* TasksView.swift in Sources */ = {isa = PBXBuildFile; fileRef = 68E9AB072B426D6500825B79 /* TasksView.swift */; };
		68F8E46F2B43CB79008F90DF /* CategoriesGrid.swift in Sources */ = {isa = PBXBuildFile; fileRef = 68F8E46E2B43CB79008F90DF /* CategoriesGrid.swift */; };
/* End PBXBuildFile section */

/* Begin PBXFileReference section */
		6836E96D2B33E75F00E851E6 /* Tasks.app */ = {isa = PBXFileReference; explicitFileType = wrapper.application; includeInIndex = 0; path = Tasks.app; sourceTree = BUILT_PRODUCTS_DIR; };
		6836E9702B33E75F00E851E6 /* TasksApp.swift */ = {isa = PBXFileReference; lastKnownFileType = sourcecode.swift; path = TasksApp.swift; sourceTree = "<group>"; };
		6836E9722B33E75F00E851E6 /* MainView.swift */ = {isa = PBXFileReference; lastKnownFileType = sourcecode.swift; path = MainView.swift; sourceTree = "<group>"; };
		6836E9742B33E76100E851E6 /* Assets.xcassets */ = {isa = PBXFileReference; lastKnownFileType = folder.assetcatalog; path = Assets.xcassets; sourceTree = "<group>"; };
		6836E9772B33E76100E851E6 /* Preview Assets.xcassets */ = {isa = PBXFileReference; lastKnownFileType = folder.assetcatalog; path = "Preview Assets.xcassets"; sourceTree = "<group>"; };
		6895A7182B37A95B00163194 /* Task.swift */ = {isa = PBXFileReference; lastKnownFileType = sourcecode.swift; path = Task.swift; sourceTree = "<group>"; };
		6895A71A2B37A9D900163194 /* TaskStore.swift */ = {isa = PBXFileReference; lastKnownFileType = sourcecode.swift; path = TaskStore.swift; sourceTree = "<group>"; };
		6895A71C2B37B41400163194 /* TaskRow.swift */ = {isa = PBXFileReference; lastKnownFileType = sourcecode.swift; path = TaskRow.swift; sourceTree = "<group>"; };
		6895A71E2B38F8AE00163194 /* AddTaskView.swift */ = {isa = PBXFileReference; lastKnownFileType = sourcecode.swift; path = AddTaskView.swift; sourceTree = "<group>"; };
		6895A7202B38FC3900163194 /* TaskDetailView.swift */ = {isa = PBXFileReference; lastKnownFileType = sourcecode.swift; path = TaskDetailView.swift; sourceTree = "<group>"; };
		6895A7222B39048D00163194 /* README.md */ = {isa = PBXFileReference; lastKnownFileType = net.daringfireball.markdown; path = README.md; sourceTree = "<group>"; };
		68E9AB072B426D6500825B79 /* TasksView.swift */ = {isa = PBXFileReference; lastKnownFileType = sourcecode.swift; path = TasksView.swift; sourceTree = "<group>"; };
		68F8E46E2B43CB79008F90DF /* CategoriesGrid.swift */ = {isa = PBXFileReference; lastKnownFileType = sourcecode.swift; path = CategoriesGrid.swift; sourceTree = "<group>"; };
/* End PBXFileReference section */

/* Begin PBXFrameworksBuildPhase section */
		6836E96A2B33E75F00E851E6 /* Frameworks */ = {
			isa = PBXFrameworksBuildPhase;
			buildActionMask = 2147483647;
			files = (
			);
			runOnlyForDeploymentPostprocessing = 0;
		};
/* End PBXFrameworksBuildPhase section */

/* Begin PBXGroup section */
		682427DF2B41F08300DC55C6 /* Core */ = {
			isa = PBXGroup;
			children = (
				682427E22B41F0B700DC55C6 /* Components */,
				682427E02B41F08D00DC55C6 /* Views */,
			);
			path = Core;
			sourceTree = "<group>";
		};
		682427E02B41F08D00DC55C6 /* Views */ = {
			isa = PBXGroup;
			children = (
				6836E9722B33E75F00E851E6 /* MainView.swift */,
				6895A71E2B38F8AE00163194 /* AddTaskView.swift */,
				6895A7202B38FC3900163194 /* TaskDetailView.swift */,
				68E9AB072B426D6500825B79 /* TasksView.swift */,
			);
			path = Views;
			sourceTree = "<group>";
		};
		682427E12B41F0A500DC55C6 /* Models */ = {
			isa = PBXGroup;
			children = (
				6895A7182B37A95B00163194 /* Task.swift */,
				6895A71A2B37A9D900163194 /* TaskStore.swift */,
			);
			path = Models;
			sourceTree = "<group>";
		};
		682427E22B41F0B700DC55C6 /* Components */ = {
			isa = PBXGroup;
			children = (
				6895A71C2B37B41400163194 /* TaskRow.swift */,
				68F8E46E2B43CB79008F90DF /* CategoriesGrid.swift */,
			);
			path = Components;
			sourceTree = "<group>";
		};
		6836E9642B33E75F00E851E6 = {
			isa = PBXGroup;
			children = (
				6836E96F2B33E75F00E851E6 /* Tasks */,
				6836E96E2B33E75F00E851E6 /* Products */,
			);
			sourceTree = "<group>";
		};
		6836E96E2B33E75F00E851E6 /* Products */ = {
			isa = PBXGroup;
			children = (
				6836E96D2B33E75F00E851E6 /* Tasks.app */,
			);
			name = Products;
			sourceTree = "<group>";
		};
		6836E96F2B33E75F00E851E6 /* Tasks */ = {
			isa = PBXGroup;
			children = (
				6895A7222B39048D00163194 /* README.md */,
				6836E9702B33E75F00E851E6 /* TasksApp.swift */,
				682427DF2B41F08300DC55C6 /* Core */,
				682427E12B41F0A500DC55C6 /* Models */,
				6836E9742B33E76100E851E6 /* Assets.xcassets */,
				6836E9762B33E76100E851E6 /* Preview Content */,
			);
			path = Tasks;
			sourceTree = "<group>";
		};
		6836E9762B33E76100E851E6 /* Preview Content */ = {
			isa = PBXGroup;
			children = (
				6836E9772B33E76100E851E6 /* Preview Assets.xcassets */,
			);
			path = "Preview Content";
			sourceTree = "<group>";
		};
/* End PBXGroup section */

/* Begin PBXNativeTarget section */
		6836E96C2B33E75F00E851E6 /* Tasks */ = {
			isa = PBXNativeTarget;
			buildConfigurationList = 6836E97B2B33E76100E851E6 /* Build configuration list for PBXNativeTarget "Tasks" */;
			buildPhases = (
				6836E9692B33E75F00E851E6 /* Sources */,
				6836E96A2B33E75F00E851E6 /* Frameworks */,
				6836E96B2B33E75F00E851E6 /* Resources */,
			);
			buildRules = (
			);
			dependencies = (
			);
			name = Tasks;
			productName = Tasks;
			productReference = 6836E96D2B33E75F00E851E6 /* Tasks.app */;
			productType = "com.apple.product-type.application";
		};
/* End PBXNativeTarget section */

/* Begin PBXProject section */
		6836E9652B33E75F00E851E6 /* Project object */ = {
			isa = PBXProject;
			attributes = {
				BuildIndependentTargetsInParallel = 1;
				LastSwiftUpdateCheck = 1510;
				LastUpgradeCheck = 1510;
				TargetAttributes = {
					6836E96C2B33E75F00E851E6 = {
						CreatedOnToolsVersion = 15.1;
					};
				};
			};
			buildConfigurationList = 6836E9682B33E75F00E851E6 /* Build configuration list for PBXProject "Tasks" */;
			compatibilityVersion = "Xcode 14.0";
			developmentRegion = en;
			hasScannedForEncodings = 0;
			knownRegions = (
				en,
				Base,
			);
			mainGroup = 6836E9642B33E75F00E851E6;
			productRefGroup = 6836E96E2B33E75F00E851E6 /* Products */;
			projectDirPath = "";
			projectRoot = "";
			targets = (
				6836E96C2B33E75F00E851E6 /* Tasks */,
			);
		};
/* End PBXProject section */

/* Begin PBXResourcesBuildPhase section */
		6836E96B2B33E75F00E851E6 /* Resources */ = {
			isa = PBXResourcesBuildPhase;
			buildActionMask = 2147483647;
			files = (
				6836E9782B33E76100E851E6 /* Preview Assets.xcassets in Resources */,
				6836E9752B33E76100E851E6 /* Assets.xcassets in Resources */,
			);
			runOnlyForDeploymentPostprocessing = 0;
		};
/* End PBXResourcesBuildPhase section */

/* Begin PBXSourcesBuildPhase section */
		6836E9692B33E75F00E851E6 /* Sources */ = {
			isa = PBXSourcesBuildPhase;
			buildActionMask = 2147483647;
			files = (
				6895A7212B38FC3900163194 /* TaskDetailView.swift in Sources */,
				6895A71D2B37B41400163194 /* TaskRow.swift in Sources */,
				6836E9732B33E75F00E851E6 /* MainView.swift in Sources */,
				68F8E46F2B43CB79008F90DF /* CategoriesGrid.swift in Sources */,
				6895A7192B37A95B00163194 /* Task.swift in Sources */,
				6895A71F2B38F8AE00163194 /* AddTaskView.swift in Sources */,
				6895A71B2B37A9D900163194 /* TaskStore.swift in Sources */,
				6836E9712B33E75F00E851E6 /* TasksApp.swift in Sources */,
				68E9AB082B426D6500825B79 /* TasksView.swift in Sources */,
			);
			runOnlyForDeploymentPostprocessing = 0;
		};
/* End PBXSourcesBuildPhase section */

/* Begin XCBuildConfiguration section */
		6836E9792B33E76100E851E6 /* Debug */ = {
			isa = XCBuildConfiguration;
			buildSettings = {
				ALWAYS_SEARCH_USER_PATHS = NO;
				ASSETCATALOG_COMPILER_GENERATE_SWIFT_ASSET_SYMBOL_EXTENSIONS = YES;
				CLANG_ANALYZER_NONNULL = YES;
				CLANG_ANALYZER_NUMBER_OBJECT_CONVERSION = YES_AGGRESSIVE;
				CLANG_CXX_LANGUAGE_STANDARD = "gnu++20";
				CLANG_ENABLE_MODULES = YES;
				CLANG_ENABLE_OBJC_ARC = YES;
				CLANG_ENABLE_OBJC_WEAK = YES;
				CLANG_WARN_BLOCK_CAPTURE_AUTORELEASING = YES;
				CLANG_WARN_BOOL_CONVERSION = YES;
				CLANG_WARN_COMMA = YES;
				CLANG_WARN_CONSTANT_CONVERSION = YES;
				CLANG_WARN_DEPRECATED_OBJC_IMPLEMENTATIONS = YES;
				CLANG_WARN_DIRECT_OBJC_ISA_USAGE = YES_ERROR;
				CLANG_WARN_DOCUMENTATION_COMMENTS = YES;
				CLANG_WARN_EMPTY_BODY = YES;
				CLANG_WARN_ENUM_CONVERSION = YES;
				CLANG_WARN_INFINITE_RECURSION = YES;
				CLANG_WARN_INT_CONVERSION = YES;
				CLANG_WARN_NON_LITERAL_NULL_CONVERSION = YES;
				CLANG_WARN_OBJC_IMPLICIT_RETAIN_SELF = YES;
				CLANG_WARN_OBJC_LITERAL_CONVERSION = YES;
				CLANG_WARN_OBJC_ROOT_CLASS = YES_ERROR;
				CLANG_WARN_QUOTED_INCLUDE_IN_FRAMEWORK_HEADER = YES;
				CLANG_WARN_RANGE_LOOP_ANALYSIS = YES;
				CLANG_WARN_STRICT_PROTOTYPES = YES;
				CLANG_WARN_SUSPICIOUS_MOVE = YES;
				CLANG_WARN_UNGUARDED_AVAILABILITY = YES_AGGRESSIVE;
				CLANG_WARN_UNREACHABLE_CODE = YES;
				CLANG_WARN__DUPLICATE_METHOD_MATCH = YES;
				COPY_PHASE_STRIP = NO;
				DEBUG_INFORMATION_FORMAT = dwarf;
				ENABLE_STRICT_OBJC_MSGSEND = YES;
				ENABLE_TESTABILITY = YES;
				ENABLE_USER_SCRIPT_SANDBOXING = YES;
				GCC_C_LANGUAGE_STANDARD = gnu17;
				GCC_DYNAMIC_NO_PIC = NO;
				GCC_NO_COMMON_BLOCKS = YES;
				GCC_OPTIMIZATION_LEVEL = 0;
				GCC_PREPROCESSOR_DEFINITIONS = (
					"DEBUG=1",
					"$(inherited)",
				);
				GCC_WARN_64_TO_32_BIT_CONVERSION = YES;
				GCC_WARN_ABOUT_RETURN_TYPE = YES_ERROR;
				GCC_WARN_UNDECLARED_SELECTOR = YES;
				GCC_WARN_UNINITIALIZED_AUTOS = YES_AGGRESSIVE;
				GCC_WARN_UNUSED_FUNCTION = YES;
				GCC_WARN_UNUSED_VARIABLE = YES;
				IPHONEOS_DEPLOYMENT_TARGET = 17.2;
				LOCALIZATION_PREFERS_STRING_CATALOGS = YES;
				MTL_ENABLE_DEBUG_INFO = INCLUDE_SOURCE;
				MTL_FAST_MATH = YES;
				ONLY_ACTIVE_ARCH = YES;
				SDKROOT = iphoneos;
				SWIFT_ACTIVE_COMPILATION_CONDITIONS = "DEBUG $(inherited)";
				SWIFT_OPTIMIZATION_LEVEL = "-Onone";
			};
			name = Debug;
		};
		6836E97A2B33E76100E851E6 /* Release */ = {
			isa = XCBuildConfiguration;
			buildSettings = {
				ALWAYS_SEARCH_USER_PATHS = NO;
				ASSETCATALOG_COMPILER_GENERATE_SWIFT_ASSET_SYMBOL_EXTENSIONS = YES;
				CLANG_ANALYZER_NONNULL = YES;
				CLANG_ANALYZER_NUMBER_OBJECT_CONVERSION = YES_AGGRESSIVE;
				CLANG_CXX_LANGUAGE_STANDARD = "gnu++20";
				CLANG_ENABLE_MODULES = YES;
				CLANG_ENABLE_OBJC_ARC = YES;
				CLANG_ENABLE_OBJC_WEAK = YES;
				CLANG_WARN_BLOCK_CAPTURE_AUTORELEASING = YES;
				CLANG_WARN_BOOL_CONVERSION = YES;
				CLANG_WARN_COMMA = YES;
				CLANG_WARN_CONSTANT_CONVERSION = YES;
				CLANG_WARN_DEPRECATED_OBJC_IMPLEMENTATIONS = YES;
				CLANG_WARN_DIRECT_OBJC_ISA_USAGE = YES_ERROR;
				CLANG_WARN_DOCUMENTATION_COMMENTS = YES;
				CLANG_WARN_EMPTY_BODY = YES;
				CLANG_WARN_ENUM_CONVERSION = YES;
				CLANG_WARN_INFINITE_RECURSION = YES;
				CLANG_WARN_INT_CONVERSION = YES;
				CLANG_WARN_NON_LITERAL_NULL_CONVERSION = YES;
				CLANG_WARN_OBJC_IMPLICIT_RETAIN_SELF = YES;
				CLANG_WARN_OBJC_LITERAL_CONVERSION = YES;
				CLANG_WARN_OBJC_ROOT_CLASS = YES_ERROR;
				CLANG_WARN_QUOTED_INCLUDE_IN_FRAMEWORK_HEADER = YES;
				CLANG_WARN_RANGE_LOOP_ANALYSIS = YES;
				CLANG_WARN_STRICT_PROTOTYPES = YES;
				CLANG_WARN_SUSPICIOUS_MOVE = YES;
				CLANG_WARN_UNGUARDED_AVAILABILITY = YES_AGGRESSIVE;
				CLANG_WARN_UNREACHABLE_CODE = YES;
				CLANG_WARN__DUPLICATE_METHOD_MATCH = YES;
				COPY_PHASE_STRIP = NO;
				DEBUG_INFORMATION_FORMAT = "dwarf-with-dsym";
				ENABLE_NS_ASSERTIONS = NO;
				ENABLE_STRICT_OBJC_MSGSEND = YES;
				ENABLE_USER_SCRIPT_SANDBOXING = YES;
				GCC_C_LANGUAGE_STANDARD = gnu17;
				GCC_NO_COMMON_BLOCKS = YES;
				GCC_WARN_64_TO_32_BIT_CONVERSION = YES;
				GCC_WARN_ABOUT_RETURN_TYPE = YES_ERROR;
				GCC_WARN_UNDECLARED_SELECTOR = YES;
				GCC_WARN_UNINITIALIZED_AUTOS = YES_AGGRESSIVE;
				GCC_WARN_UNUSED_FUNCTION = YES;
				GCC_WARN_UNUSED_VARIABLE = YES;
				IPHONEOS_DEPLOYMENT_TARGET = 17.2;
				LOCALIZATION_PREFERS_STRING_CATALOGS = YES;
				MTL_ENABLE_DEBUG_INFO = NO;
				MTL_FAST_MATH = YES;
				SDKROOT = iphoneos;
				SWIFT_COMPILATION_MODE = wholemodule;
				VALIDATE_PRODUCT = YES;
			};
			name = Release;
		};
		6836E97C2B33E76100E851E6 /* Debug */ = {
			isa = XCBuildConfiguration;
			buildSettings = {
				ASSETCATALOG_COMPILER_APPICON_NAME = AppIcon;
				ASSETCATALOG_COMPILER_GLOBAL_ACCENT_COLOR_NAME = AccentColor;
				CODE_SIGN_STYLE = Automatic;
				CURRENT_PROJECT_VERSION = 1;
				DEVELOPMENT_ASSET_PATHS = "\"Tasks/Preview Content\"";
				DEVELOPMENT_TEAM = 3VX84L774J;
				ENABLE_PREVIEWS = YES;
				GENERATE_INFOPLIST_FILE = YES;
				INFOPLIST_KEY_CFBundleDisplayName = Tasks;
				INFOPLIST_KEY_LSApplicationCategoryType = "public.app-category.utilities";
				INFOPLIST_KEY_UIApplicationSceneManifest_Generation = YES;
				INFOPLIST_KEY_UIApplicationSupportsIndirectInputEvents = YES;
				INFOPLIST_KEY_UILaunchScreen_Generation = YES;
				INFOPLIST_KEY_UIRequiresFullScreen = YES;
				INFOPLIST_KEY_UIStatusBarStyle = "";
				INFOPLIST_KEY_UISupportedInterfaceOrientations = UIInterfaceOrientationPortrait;
				LD_RUNPATH_SEARCH_PATHS = (
					"$(inherited)",
					"@executable_path/Frameworks",
				);
				MARKETING_VERSION = 1.0;
				PRODUCT_BUNDLE_IDENTIFIER = com.jondeparra.Tasks;
				PRODUCT_NAME = "$(TARGET_NAME)";
				SUPPORTED_PLATFORMS = "iphoneos iphonesimulator";
				SUPPORTS_MACCATALYST = NO;
				SUPPORTS_MAC_DESIGNED_FOR_IPHONE_IPAD = NO;
				SWIFT_EMIT_LOC_STRINGS = YES;
				SWIFT_VERSION = 5.0;
				TARGETED_DEVICE_FAMILY = "1,2";
			};
			name = Debug;
		};
		6836E97D2B33E76100E851E6 /* Release */ = {
			isa = XCBuildConfiguration;
			buildSettings = {
				ASSETCATALOG_COMPILER_APPICON_NAME = AppIcon;
				ASSETCATALOG_COMPILER_GLOBAL_ACCENT_COLOR_NAME = AccentColor;
				CODE_SIGN_STYLE = Automatic;
				CURRENT_PROJECT_VERSION = 1;
				DEVELOPMENT_ASSET_PATHS = "\"Tasks/Preview Content\"";
				DEVELOPMENT_TEAM = 3VX84L774J;
				ENABLE_PREVIEWS = YES;
				GENERATE_INFOPLIST_FILE = YES;
				INFOPLIST_KEY_CFBundleDisplayName = Tasks;
				INFOPLIST_KEY_LSApplicationCategoryType = "public.app-category.utilities";
				INFOPLIST_KEY_UIApplicationSceneManifest_Generation = YES;
				INFOPLIST_KEY_UIApplicationSupportsIndirectInputEvents = YES;
				INFOPLIST_KEY_UILaunchScreen_Generation = YES;
				INFOPLIST_KEY_UIRequiresFullScreen = YES;
				INFOPLIST_KEY_UIStatusBarStyle = "";
				INFOPLIST_KEY_UISupportedInterfaceOrientations = UIInterfaceOrientationPortrait;
				LD_RUNPATH_SEARCH_PATHS = (
					"$(inherited)",
					"@executable_path/Frameworks",
				);
				MARKETING_VERSION = 1.0;
				PRODUCT_BUNDLE_IDENTIFIER = com.jondeparra.Tasks;
				PRODUCT_NAME = "$(TARGET_NAME)";
				SUPPORTED_PLATFORMS = "iphoneos iphonesimulator";
				SUPPORTS_MACCATALYST = NO;
				SUPPORTS_MAC_DESIGNED_FOR_IPHONE_IPAD = NO;
				SWIFT_EMIT_LOC_STRINGS = YES;
				SWIFT_VERSION = 5.0;
				TARGETED_DEVICE_FAMILY = "1,2";
			};
			name = Release;
		};
/* End XCBuildConfiguration section */

/* Begin XCConfigurationList section */
		6836E9682B33E75F00E851E6 /* Build configuration list for PBXProject "Tasks" */ = {
			isa = XCConfigurationList;
			buildConfigurations = (
				6836E9792B33E76100E851E6 /* Debug */,
				6836E97A2B33E76100E851E6 /* Release */,
			);
			defaultConfigurationIsVisible = 0;
			defaultConfigurationName = Release;
		};
		6836E97B2B33E76100E851E6 /* Build configuration list for PBXNativeTarget "Tasks" */ = {
			isa = XCConfigurationList;
			buildConfigurations = (
				6836E97C2B33E76100E851E6 /* Debug */,
				6836E97D2B33E76100E851E6 /* Release */,
			);
			defaultConfigurationIsVisible = 0;
			defaultConfigurationName = Release;
		};
/* End XCConfigurationList section */
	};
	rootObject = 6836E9652B33E75F00E851E6 /* Project object */;
}
